
Microsoft Visual Studio Solution File, Format Version 12.00
# Visual Studio Version 16
VisualStudioVersion = 16.0.29020.237
MinimumVisualStudioVersion = 10.0.40219.1
Project("{FAE04EC0-301F-11D3-BF4B-00C04F79EFBC}") = "crWebsite", "crWebsite\crWebsite.csproj", "{02A8CE31-E4F8-4AF4-9A7F-4697E97C5360}"
EndProject
Global
	GlobalSection(SolutionConfigurationPlatforms) = preSolution
		Debug|Any CPU = Debug|Any CPU
		Release|Any CPU = Release|Any CPU
	EndGlobalSection
	GlobalSection(ProjectConfigurationPlatforms) = postSolution
		{02A8CE31-E4F8-4AF4-9A7F-4697E97C5360}.Debug|Any CPU.ActiveCfg = Debug|Any CPU
		{02A8CE31-E4F8-4AF4-9A7F-4697E97C5360}.Debug|Any CPU.Build.0 = Debug|Any CPU
		{02A8CE31-E4F8-4AF4-9A7F-4697E97C5360}.Release|Any CPU.ActiveCfg = Release|Any CPU
		{02A8CE31-E4F8-4AF4-9A7F-4697E97C5360}.Release|Any CPU.Build.0 = Release|Any CPU
	EndGlobalSection
	GlobalSection(SolutionProperties) = preSolution
		HideSolutionNode = FALSE
	EndGlobalSection
	GlobalSection(ExtensibilityGlobals) = postSolution
		SolutionGuid = {215DFC02-CBE8-4FE2-BED5-56061661B525}
	EndGlobalSection
EndGlobal
